
Microsoft Visual Studio Solution File, Format Version 12.00
# Visual Studio Version 16
VisualStudioVersion = 16.0.30204.135
MinimumVisualStudioVersion = 10.0.40219.1
Project("{2150E333-8FDC-42A3-9474-1A3956D46DE8}") = "Feature", "Feature", "{2BDAC3B1-0C4B-4D63-991C-A315E3C7E36A}"
EndProject
Project("{2150E333-8FDC-42A3-9474-1A3956D46DE8}") = "Foundation", "Foundation", "{07ED7C77-ED55-41C1-BB30-001D6EEA163B}"
EndProject
Project("{2150E333-8FDC-42A3-9474-1A3956D46DE8}") = "Project", "Project", "{DA2C3B6B-A18B-4DAC-8790-CA76092DA6A3}"
EndProject
Project("{2150E333-8FDC-42A3-9474-1A3956D46DE8}") = "Build", "Build", "{CABF12E0-7A98-4854-8FFB-4FAF3AA54B59}"
	ProjectSection(SolutionItems) = preProject
		.editorconfig = .editorconfig
		Directory.Build.props = Directory.Build.props
		Directory.Build.targets = Directory.Build.targets
		nuget.config = nuget.config
		README.md = README.md
		build\Solution.config = build\Solution.config
	EndProjectSection
EndProject
Project("{2150E333-8FDC-42A3-9474-1A3956D46DE8}") = "props", "props", "{08412FAE-70EE-4423-82E2-5224FC46C104}"
	ProjectSection(SolutionItems) = preProject
		build\props\Website.BuildProperties.props = build\props\Website.BuildProperties.props
		build\props\Website.PackageReferences.props = build\props\Website.PackageReferences.props
		build\props\Website.ProjectContent.props = build\props\Website.ProjectContent.props
		build\props\Website.Publishing.props = build\props\Website.Publishing.props
		build\props\Website.References.props = build\props\Website.References.props
	EndProjectSection
EndProject
Project("{2150E333-8FDC-42A3-9474-1A3956D46DE8}") = "targets", "targets", "{BE0D74BA-74C2-4A6B-BF23-9CE7F7B2EFE3}"
	ProjectSection(SolutionItems) = preProject
		build\targets\Website.AutoPublish.targets = build\targets\Website.AutoPublish.targets
		build\targets\Website.DoNotPublishAssembly.props = build\targets\Website.DoNotPublishAssembly.props
		build\targets\Website.PublishSingleItem.targets = build\targets\Website.PublishSingleItem.targets
		build\targets\Website.RemoveDoNotPublishAssembly.targets = build\targets\Website.RemoveDoNotPublishAssembly.targets
		build\targets\Website.TransformXml.targets = build\targets\Website.TransformXml.targets
	EndProjectSection
EndProject
Project("{2150E333-8FDC-42A3-9474-1A3956D46DE8}") = "Website", "Website", "{B99CC098-CF6F-4526-A2A3-03A685ED21DC}"
EndProject
Project("{9A19103F-16F7-4668-BE54-9A1E7A4F7556}") = "Sitecon.Project.Website", "src\Project\Website\code\Sitecon.Project.Website.csproj", "{03B0D76E-0478-4DB5-9015-2C8161059E53}"
EndProject
Project("{2150E333-8FDC-42A3-9474-1A3956D46DE8}") = "PageContent", "PageContent", "{B5F70A2A-084E-4F17-87CD-E0EF648A1B3F}"
EndProject
Project("{9A19103F-16F7-4668-BE54-9A1E7A4F7556}") = "Sitecon.Feature.PageContent", "src\Feature\PageContent\code\Sitecon.Feature.PageContent.csproj", "{2E14EB32-3096-489A-A2F8-60736B6AD01D}"
	ProjectSection(ProjectDependencies) = postProject
		{CE196E8C-A220-4239-85A5-98545DA248DE} = {CE196E8C-A220-4239-85A5-98545DA248DE}
	EndProjectSection
EndProject
Project("{2150E333-8FDC-42A3-9474-1A3956D46DE8}") = "SitecoreHelperExtensions", "SitecoreHelperExtensions", "{B5F6164C-3C5F-4E8E-B10D-14822CCCBD1A}"
EndProject
Project("{9A19103F-16F7-4668-BE54-9A1E7A4F7556}") = "Sitecon.Foundation.SitecoreHelperExtensions", "src\Foundation\SitecoreHelperExtensions\code\Sitecon.Foundation.SitecoreHelperExtensions.csproj", "{CE196E8C-A220-4239-85A5-98545DA248DE}"
EndProject
Project("{2150E333-8FDC-42A3-9474-1A3956D46DE8}") = "Homepage", "Homepage", "{3076EFC9-1BC2-45C7-8CCE-87F8540FD22B}"
EndProject
Project("{9A19103F-16F7-4668-BE54-9A1E7A4F7556}") = "Sitecon.Feature.Homepage", "src\Feature\Homepage\code\Sitecon.Feature.Homepage.csproj", "{F2ED2270-C51D-47FA-8E70-8BE8E170D1CB}"
	ProjectSection(ProjectDependencies) = postProject
		{CE196E8C-A220-4239-85A5-98545DA248DE} = {CE196E8C-A220-4239-85A5-98545DA248DE}
	EndProjectSection
EndProject
Project("{2150E333-8FDC-42A3-9474-1A3956D46DE8}") = "Navigation", "Navigation", "{4C77C73A-8A40-4C66-BDF7-22D8A2407C22}"
EndProject
Project("{9A19103F-16F7-4668-BE54-9A1E7A4F7556}") = "Sitecon.Feature.Navigation", "src\Feature\Navigation\code\Sitecon.Feature.Navigation.csproj", "{45C81E8D-F862-47F9-BED7-19A1B0DC10B0}"
EndProject
Project("{2150E333-8FDC-42A3-9474-1A3956D46DE8}") = "Events", "Events", "{5154769E-D7C4-41BA-8E06-607599A2E218}"
EndProject
Project("{9A19103F-16F7-4668-BE54-9A1E7A4F7556}") = "Sitecon.Feature.Events", "src\Feature\Events\code\Sitecon.Feature.Events.csproj", "{EF890021-3B9E-4013-AA55-01E7CBB264BF}"
EndProject
Global
	GlobalSection(SolutionConfigurationPlatforms) = preSolution
		Debug|Any CPU = Debug|Any CPU
		Release|Any CPU = Release|Any CPU
	EndGlobalSection
	GlobalSection(ProjectConfigurationPlatforms) = postSolution
		{03B0D76E-0478-4DB5-9015-2C8161059E53}.Debug|Any CPU.ActiveCfg = Debug|Any CPU
		{03B0D76E-0478-4DB5-9015-2C8161059E53}.Debug|Any CPU.Build.0 = Debug|Any CPU
		{03B0D76E-0478-4DB5-9015-2C8161059E53}.Release|Any CPU.ActiveCfg = Release|Any CPU
		{03B0D76E-0478-4DB5-9015-2C8161059E53}.Release|Any CPU.Build.0 = Release|Any CPU
		{2E14EB32-3096-489A-A2F8-60736B6AD01D}.Debug|Any CPU.ActiveCfg = Debug|Any CPU
		{2E14EB32-3096-489A-A2F8-60736B6AD01D}.Debug|Any CPU.Build.0 = Debug|Any CPU
		{2E14EB32-3096-489A-A2F8-60736B6AD01D}.Release|Any CPU.ActiveCfg = Release|Any CPU
		{2E14EB32-3096-489A-A2F8-60736B6AD01D}.Release|Any CPU.Build.0 = Release|Any CPU
		{CE196E8C-A220-4239-85A5-98545DA248DE}.Debug|Any CPU.ActiveCfg = Debug|Any CPU
		{CE196E8C-A220-4239-85A5-98545DA248DE}.Debug|Any CPU.Build.0 = Debug|Any CPU
		{CE196E8C-A220-4239-85A5-98545DA248DE}.Release|Any CPU.ActiveCfg = Release|Any CPU
		{CE196E8C-A220-4239-85A5-98545DA248DE}.Release|Any CPU.Build.0 = Release|Any CPU
		{F2ED2270-C51D-47FA-8E70-8BE8E170D1CB}.Debug|Any CPU.ActiveCfg = Debug|Any CPU
		{F2ED2270-C51D-47FA-8E70-8BE8E170D1CB}.Debug|Any CPU.Build.0 = Debug|Any CPU
		{F2ED2270-C51D-47FA-8E70-8BE8E170D1CB}.Release|Any CPU.ActiveCfg = Release|Any CPU
		{F2ED2270-C51D-47FA-8E70-8BE8E170D1CB}.Release|Any CPU.Build.0 = Release|Any CPU
		{45C81E8D-F862-47F9-BED7-19A1B0DC10B0}.Debug|Any CPU.ActiveCfg = Debug|Any CPU
		{45C81E8D-F862-47F9-BED7-19A1B0DC10B0}.Debug|Any CPU.Build.0 = Debug|Any CPU
		{45C81E8D-F862-47F9-BED7-19A1B0DC10B0}.Release|Any CPU.ActiveCfg = Release|Any CPU
		{45C81E8D-F862-47F9-BED7-19A1B0DC10B0}.Release|Any CPU.Build.0 = Release|Any CPU
		{EF890021-3B9E-4013-AA55-01E7CBB264BF}.Debug|Any CPU.ActiveCfg = Debug|Any CPU
		{EF890021-3B9E-4013-AA55-01E7CBB264BF}.Debug|Any CPU.Build.0 = Debug|Any CPU
		{EF890021-3B9E-4013-AA55-01E7CBB264BF}.Release|Any CPU.ActiveCfg = Release|Any CPU
		{EF890021-3B9E-4013-AA55-01E7CBB264BF}.Release|Any CPU.Build.0 = Release|Any CPU
	EndGlobalSection
	GlobalSection(SolutionProperties) = preSolution
		HideSolutionNode = FALSE
	EndGlobalSection
	GlobalSection(NestedProjects) = preSolution
		{08412FAE-70EE-4423-82E2-5224FC46C104} = {CABF12E0-7A98-4854-8FFB-4FAF3AA54B59}
		{BE0D74BA-74C2-4A6B-BF23-9CE7F7B2EFE3} = {CABF12E0-7A98-4854-8FFB-4FAF3AA54B59}
		{B99CC098-CF6F-4526-A2A3-03A685ED21DC} = {DA2C3B6B-A18B-4DAC-8790-CA76092DA6A3}
		{03B0D76E-0478-4DB5-9015-2C8161059E53} = {B99CC098-CF6F-4526-A2A3-03A685ED21DC}
		{B5F70A2A-084E-4F17-87CD-E0EF648A1B3F} = {2BDAC3B1-0C4B-4D63-991C-A315E3C7E36A}
		{2E14EB32-3096-489A-A2F8-60736B6AD01D} = {B5F70A2A-084E-4F17-87CD-E0EF648A1B3F}
		{B5F6164C-3C5F-4E8E-B10D-14822CCCBD1A} = {07ED7C77-ED55-41C1-BB30-001D6EEA163B}
		{CE196E8C-A220-4239-85A5-98545DA248DE} = {B5F6164C-3C5F-4E8E-B10D-14822CCCBD1A}
		{3076EFC9-1BC2-45C7-8CCE-87F8540FD22B} = {2BDAC3B1-0C4B-4D63-991C-A315E3C7E36A}
		{F2ED2270-C51D-47FA-8E70-8BE8E170D1CB} = {3076EFC9-1BC2-45C7-8CCE-87F8540FD22B}
		{4C77C73A-8A40-4C66-BDF7-22D8A2407C22} = {2BDAC3B1-0C4B-4D63-991C-A315E3C7E36A}
		{45C81E8D-F862-47F9-BED7-19A1B0DC10B0} = {4C77C73A-8A40-4C66-BDF7-22D8A2407C22}
		{5154769E-D7C4-41BA-8E06-607599A2E218} = {2BDAC3B1-0C4B-4D63-991C-A315E3C7E36A}
		{EF890021-3B9E-4013-AA55-01E7CBB264BF} = {5154769E-D7C4-41BA-8E06-607599A2E218}
	EndGlobalSection
	GlobalSection(ExtensibilityGlobals) = postSolution
		SolutionGuid = {F724FE8B-8B52-4D60-89F5-2CC3CB7EBE47}
	EndGlobalSection
EndGlobal
